
Microsoft Visual Studio Solution File, Format Version 12.00
# Visual Studio Version 17
VisualStudioVersion = 17.4.33205.214
MinimumVisualStudioVersion = 10.0.40219.1
Project("{FAE04EC0-301F-11D3-BF4B-00C04F79EFBC}") = "Udemy_Section02(1)", "Udemy_Section02(1).csproj", "{DB550187-E365-4007-ADCC-619F3D7B9269}"
EndProject
Global
	GlobalSection(SolutionConfigurationPlatforms) = preSolution
		Debug|Any CPU = Debug|Any CPU
		Release|Any CPU = Release|Any CPU
	EndGlobalSection
	GlobalSection(ProjectConfigurationPlatforms) = postSolution
		{DB550187-E365-4007-ADCC-619F3D7B9269}.Debug|Any CPU.ActiveCfg = Debug|Any CPU
		{DB550187-E365-4007-ADCC-619F3D7B9269}.Debug|Any CPU.Build.0 = Debug|Any CPU
		{DB550187-E365-4007-ADCC-619F3D7B9269}.Release|Any CPU.ActiveCfg = Release|Any CPU
		{DB550187-E365-4007-ADCC-619F3D7B9269}.Release|Any CPU.Build.0 = Release|Any CPU
	EndGlobalSection
	GlobalSection(SolutionProperties) = preSolution
		HideSolutionNode = FALSE
	EndGlobalSection
	GlobalSection(ExtensibilityGlobals) = postSolution
		SolutionGuid = {1403BE5B-42DA-4F3D-9CE8-5AF81C98F010}
	EndGlobalSection
EndGlobal
